{
  "originHash" : "823c5f3fbb95f528691a96c69b15d5684b907462c528946248cf34b6a0126307",
  "pins" : [
    {
      "identity" : "sqlite.swift",
      "kind" : "remoteSourceControl",
      "location" : "https://github.com/stephencelis/SQLite.swift",
      "state" : {
        "revision" : "0c08856385fe24f7b76d8c51842d78a196e8e817",
        "version" : "0.15.5"
      }
    }
  ],
  "version" : 3
}
